{
  "name": "@izengliang/direct",
  "version": "0.0.0",
  "lockfileVersion": 3,
  "requires": true,
  "packages": {
    "": {
      "name": "@izengliang/direct",
      "version": "0.0.0",
      "license": "Apache License",
      "workspaces": [
        "packages/html"
      ]
    },
    "../cqrs": {
      "name": "@izengliang/cqrs",
      "version": "0.0.0",
      "extraneous": true,
      "license": "Apache License",
      "dependencies": {
        "rxjs": "^7.8.1"
      },
      "devDependencies": {
        "typedoc": "^0.25.3",
        "typescript": "^5.3.2"
      }
    },
    "node_modules/@izengliang/direct-html": {
      "resolved": "packages/html",
      "link": true
    },
    "packages/html": {
      "name": "@izengliang/direct-html",
      "version": "0.0.0",
      "license": "Apache License"
    }
  }
}
