{
  "name": "@izengliang/direct",
  "version": "0.0.0",
  "lockfileVersion": 3,
  "requires": true,
  "packages": {
    "": {
      "name": "@izengliang/direct",
      "version": "0.0.0",
      "license": "ISC",
      "workspaces": [
        "packages/html"
      ]
    },
    "node_modules/@izengliang/direct-html": {
      "resolved": "packages/html",
      "link": true
    },
    "packages/html": {
      "name": "@izengliang/direct-html",
      "version": "0.0.0",
      "license": "ISC"
    }
  }
}
